// !$*UTF8*$!
{
	archiveVersion = 1;
	classes = {
	};
	objectVersion = 56;
	objects = {

/* Begin PBXBuildFile section */
		2A227A1029C349E60073D36B /* generate.sh in Resources */ = {isa = PBXBuildFile; fileRef = 2A227A0F29C349E60073D36B /* generate.sh */; };
		2A227A1229C34BB40073D36B /* newsapi.yml in Resources */ = {isa = PBXBuildFile; fileRef = 2A227A1129C34BB40073D36B /* newsapi.yml */; };
		2A227A1529C35C280073D36B /* NewsModel.swift in Sources */ = {isa = PBXBuildFile; fileRef = 2A227A1429C35C280073D36B /* NewsModel.swift */; };
		2A6B356B29D5BC6F00889F3E /* ServiceLocator.swift in Sources */ = {isa = PBXBuildFile; fileRef = 2A6B356A29D5BC6F00889F3E /* ServiceLocator.swift */; };
		2A6B356D29D5C10A00889F3E /* Analytics.swift in Sources */ = {isa = PBXBuildFile; fileRef = 2A6B356C29D5C10A00889F3E /* Analytics.swift */; };
		2A6B356F29D5D0AF00889F3E /* InjectedPropertyWrapper.swift in Sources */ = {isa = PBXBuildFile; fileRef = 2A6B356E29D5D0AF00889F3E /* InjectedPropertyWrapper.swift */; };
		2A6B357129D7F88600889F3E /* ConfigApp.swift in Sources */ = {isa = PBXBuildFile; fileRef = 2A6B357029D7F88600889F3E /* ConfigApp.swift */; };
		2A6B357429D8058D00889F3E /* NetworkClient.swift in Sources */ = {isa = PBXBuildFile; fileRef = 2A6B357329D8058D00889F3E /* NetworkClient.swift */; };
		2A6B357629D805A400889F3E /* DataStorage.swift in Sources */ = {isa = PBXBuildFile; fileRef = 2A6B357529D805A400889F3E /* DataStorage.swift */; };
		2A6B357829D805D200889F3E /* Parsing.swift in Sources */ = {isa = PBXBuildFile; fileRef = 2A6B357729D805D200889F3E /* Parsing.swift */; };
		2A87AFDB29B618B2005CE433 /* ProfileScreen.swift in Sources */ = {isa = PBXBuildFile; fileRef = 2A87AFDA29B618B2005CE433 /* ProfileScreen.swift */; };
		2AC4605E29C38BB500112DFA /* Networking in Frameworks */ = {isa = PBXBuildFile; productRef = 2AC4605D29C38BB500112DFA /* Networking */; };
		2AC4606429C8754400112DFA /* UIDesignSystem in Frameworks */ = {isa = PBXBuildFile; productRef = 2AC4606329C8754400112DFA /* UIDesignSystem */; };
		2AC4606729C875F100112DFA /* DashboardScreen.swift in Sources */ = {isa = PBXBuildFile; fileRef = 2AC4606629C875F100112DFA /* DashboardScreen.swift */; };
		2AE5934129B4D135009909AB /* FirstHomeworkOtusApp.swift in Sources */ = {isa = PBXBuildFile; fileRef = 2AE5934029B4D135009909AB /* FirstHomeworkOtusApp.swift */; };
		2AE5934329B4D135009909AB /* ContentView.swift in Sources */ = {isa = PBXBuildFile; fileRef = 2AE5934229B4D135009909AB /* ContentView.swift */; };
		2AE5934529B4D137009909AB /* Assets.xcassets in Resources */ = {isa = PBXBuildFile; fileRef = 2AE5934429B4D137009909AB /* Assets.xcassets */; };
		2AE5934829B4D137009909AB /* Preview Assets.xcassets in Resources */ = {isa = PBXBuildFile; fileRef = 2AE5934729B4D137009909AB /* Preview Assets.xcassets */; };
		2AE5934F29B4ECAD009909AB /* SecondScreen.swift in Sources */ = {isa = PBXBuildFile; fileRef = 2AE5934E29B4ECAD009909AB /* SecondScreen.swift */; };
		2AE5935729B5BCBD009909AB /* FirstScreen.swift in Sources */ = {isa = PBXBuildFile; fileRef = 2AE5935629B5BCBD009909AB /* FirstScreen.swift */; };
		2AE5935A29B61199009909AB /* MusicScreen.swift in Sources */ = {isa = PBXBuildFile; fileRef = 2AE5935929B61199009909AB /* MusicScreen.swift */; };
/* End PBXBuildFile section */

/* Begin PBXFileReference section */
		2A227A0B29C322DA0073D36B /* Networking */ = {isa = PBXFileReference; lastKnownFileType = text; name = Networking; path = Modules/Networking; sourceTree = SOURCE_ROOT; };
		2A227A0F29C349E60073D36B /* generate.sh */ = {isa = PBXFileReference; lastKnownFileType = text.script.sh; path = generate.sh; sourceTree = "<group>"; };
		2A227A1129C34BB40073D36B /* newsapi.yml */ = {isa = PBXFileReference; fileEncoding = 4; lastKnownFileType = text.yaml; path = newsapi.yml; sourceTree = "<group>"; };
		2A227A1429C35C280073D36B /* NewsModel.swift */ = {isa = PBXFileReference; lastKnownFileType = sourcecode.swift; path = NewsModel.swift; sourceTree = "<group>"; };
		2A6B356A29D5BC6F00889F3E /* ServiceLocator.swift */ = {isa = PBXFileReference; lastKnownFileType = sourcecode.swift; path = ServiceLocator.swift; sourceTree = "<group>"; };
		2A6B356C29D5C10A00889F3E /* Analytics.swift */ = {isa = PBXFileReference; lastKnownFileType = sourcecode.swift; path = Analytics.swift; sourceTree = "<group>"; };
		2A6B356E29D5D0AF00889F3E /* InjectedPropertyWrapper.swift */ = {isa = PBXFileReference; lastKnownFileType = sourcecode.swift; path = InjectedPropertyWrapper.swift; sourceTree = "<group>"; };
		2A6B357029D7F88600889F3E /* ConfigApp.swift */ = {isa = PBXFileReference; lastKnownFileType = sourcecode.swift; path = ConfigApp.swift; sourceTree = "<group>"; };
		2A6B357329D8058D00889F3E /* NetworkClient.swift */ = {isa = PBXFileReference; lastKnownFileType = sourcecode.swift; path = NetworkClient.swift; sourceTree = "<group>"; };
		2A6B357529D805A400889F3E /* DataStorage.swift */ = {isa = PBXFileReference; lastKnownFileType = sourcecode.swift; path = DataStorage.swift; sourceTree = "<group>"; };
		2A6B357729D805D200889F3E /* Parsing.swift */ = {isa = PBXFileReference; lastKnownFileType = sourcecode.swift; path = Parsing.swift; sourceTree = "<group>"; };
		2A87AFDA29B618B2005CE433 /* ProfileScreen.swift */ = {isa = PBXFileReference; lastKnownFileType = sourcecode.swift; path = ProfileScreen.swift; sourceTree = "<group>"; };
		2AC4606229C8753800112DFA /* UIDesignSystem */ = {isa = PBXFileReference; lastKnownFileType = wrapper; path = UIDesignSystem; sourceTree = "<group>"; };
		2AC4606629C875F100112DFA /* DashboardScreen.swift */ = {isa = PBXFileReference; lastKnownFileType = sourcecode.swift; path = DashboardScreen.swift; sourceTree = "<group>"; };
		2AE5933D29B4D135009909AB /* FirstHomeworkOtus.app */ = {isa = PBXFileReference; explicitFileType = wrapper.application; includeInIndex = 0; path = FirstHomeworkOtus.app; sourceTree = BUILT_PRODUCTS_DIR; };
		2AE5934029B4D135009909AB /* FirstHomeworkOtusApp.swift */ = {isa = PBXFileReference; lastKnownFileType = sourcecode.swift; path = FirstHomeworkOtusApp.swift; sourceTree = "<group>"; };
		2AE5934229B4D135009909AB /* ContentView.swift */ = {isa = PBXFileReference; lastKnownFileType = sourcecode.swift; path = ContentView.swift; sourceTree = "<group>"; };
		2AE5934429B4D137009909AB /* Assets.xcassets */ = {isa = PBXFileReference; lastKnownFileType = folder.assetcatalog; path = Assets.xcassets; sourceTree = "<group>"; };
		2AE5934729B4D137009909AB /* Preview Assets.xcassets */ = {isa = PBXFileReference; lastKnownFileType = folder.assetcatalog; path = "Preview Assets.xcassets"; sourceTree = "<group>"; };
		2AE5934E29B4ECAD009909AB /* SecondScreen.swift */ = {isa = PBXFileReference; lastKnownFileType = sourcecode.swift; path = SecondScreen.swift; sourceTree = "<group>"; };
		2AE5935629B5BCBD009909AB /* FirstScreen.swift */ = {isa = PBXFileReference; lastKnownFileType = sourcecode.swift; path = FirstScreen.swift; sourceTree = "<group>"; };
		2AE5935929B61199009909AB /* MusicScreen.swift */ = {isa = PBXFileReference; lastKnownFileType = sourcecode.swift; path = MusicScreen.swift; sourceTree = "<group>"; };
/* End PBXFileReference section */

/* Begin PBXFrameworksBuildPhase section */
		2AE5933A29B4D135009909AB /* Frameworks */ = {
			isa = PBXFrameworksBuildPhase;
			buildActionMask = 2147483647;
			files = (
				2AC4605E29C38BB500112DFA /* Networking in Frameworks */,
				2AC4606429C8754400112DFA /* UIDesignSystem in Frameworks */,
			);
			runOnlyForDeploymentPostprocessing = 0;
		};
/* End PBXFrameworksBuildPhase section */

/* Begin PBXGroup section */
		2A227A0C29C323230073D36B /* Frameworks */ = {
			isa = PBXGroup;
			children = (
			);
			name = Frameworks;
			sourceTree = "<group>";
		};
		2A227A1329C35BA50073D36B /* 4_News */ = {
			isa = PBXGroup;
			children = (
				2A227A1429C35C280073D36B /* NewsModel.swift */,
			);
			path = 4_News;
			sourceTree = "<group>";
		};
		2A6B356929D5BC2800889F3E /* Services */ = {
			isa = PBXGroup;
			children = (
				2A6B357229D8056500889F3E /* Core Services */,
				2A6B356A29D5BC6F00889F3E /* ServiceLocator.swift */,
				2A6B356E29D5D0AF00889F3E /* InjectedPropertyWrapper.swift */,
				2A6B357029D7F88600889F3E /* ConfigApp.swift */,
			);
			path = Services;
			sourceTree = "<group>";
		};
		2A6B357229D8056500889F3E /* Core Services */ = {
			isa = PBXGroup;
			children = (
				2A6B356C29D5C10A00889F3E /* Analytics.swift */,
				2A6B357529D805A400889F3E /* DataStorage.swift */,
				2A6B357329D8058D00889F3E /* NetworkClient.swift */,
				2A6B357729D805D200889F3E /* Parsing.swift */,
			);
			path = "Core Services";
			sourceTree = "<group>";
		};
		2A87AFD929B61892005CE433 /* 3_Profile */ = {
			isa = PBXGroup;
			children = (
				2A87AFDA29B618B2005CE433 /* ProfileScreen.swift */,
			);
			path = 3_Profile;
			sourceTree = "<group>";
		};
		2AC4606529C8759C00112DFA /* 5_Dashboard */ = {
			isa = PBXGroup;
			children = (
				2AC4606629C875F100112DFA /* DashboardScreen.swift */,
			);
			path = 5_Dashboard;
			sourceTree = "<group>";
		};
		2AE5933429B4D135009909AB = {
			isa = PBXGroup;
			children = (
				2AE5933F29B4D135009909AB /* FirstHomeworkOtus */,
				2AE5933E29B4D135009909AB /* Products */,
				2A227A0C29C323230073D36B /* Frameworks */,
			);
			sourceTree = "<group>";
		};
		2AE5933E29B4D135009909AB /* Products */ = {
			isa = PBXGroup;
			children = (
				2AE5933D29B4D135009909AB /* FirstHomeworkOtus.app */,
			);
			name = Products;
			sourceTree = "<group>";
		};
		2AE5933F29B4D135009909AB /* FirstHomeworkOtus */ = {
			isa = PBXGroup;
			children = (
				2A6B356929D5BC2800889F3E /* Services */,
				2AC4606229C8753800112DFA /* UIDesignSystem */,
				2A227A0B29C322DA0073D36B /* Networking */,
				2AE5934029B4D135009909AB /* FirstHomeworkOtusApp.swift */,
				2AE5934229B4D135009909AB /* ContentView.swift */,
				2AE5935B29B61627009909AB /* 1_FirstScreen */,
				2AE5935829B61156009909AB /* 2_Catalog */,
				2A87AFD929B61892005CE433 /* 3_Profile */,
				2A227A1329C35BA50073D36B /* 4_News */,
				2AC4606529C8759C00112DFA /* 5_Dashboard */,
				2AE5934429B4D137009909AB /* Assets.xcassets */,
				2AE5934629B4D137009909AB /* Preview Content */,
				2A227A1129C34BB40073D36B /* newsapi.yml */,
				2A227A0F29C349E60073D36B /* generate.sh */,
			);
			path = FirstHomeworkOtus;
			sourceTree = "<group>";
		};
		2AE5934629B4D137009909AB /* Preview Content */ = {
			isa = PBXGroup;
			children = (
				2AE5934729B4D137009909AB /* Preview Assets.xcassets */,
			);
			path = "Preview Content";
			sourceTree = "<group>";
		};
		2AE5935829B61156009909AB /* 2_Catalog */ = {
			isa = PBXGroup;
			children = (
				2AE5934E29B4ECAD009909AB /* SecondScreen.swift */,
				2AE5935929B61199009909AB /* MusicScreen.swift */,
			);
			path = 2_Catalog;
			sourceTree = "<group>";
		};
		2AE5935B29B61627009909AB /* 1_FirstScreen */ = {
			isa = PBXGroup;
			children = (
				2AE5935629B5BCBD009909AB /* FirstScreen.swift */,
			);
			path = 1_FirstScreen;
			sourceTree = "<group>";
		};
/* End PBXGroup section */

/* Begin PBXNativeTarget section */
		2AE5933C29B4D135009909AB /* FirstHomeworkOtus */ = {
			isa = PBXNativeTarget;
			buildConfigurationList = 2AE5934B29B4D137009909AB /* Build configuration list for PBXNativeTarget "FirstHomeworkOtus" */;
			buildPhases = (
				2AE5933929B4D135009909AB /* Sources */,
				2AE5933A29B4D135009909AB /* Frameworks */,
				2AE5933B29B4D135009909AB /* Resources */,
			);
			buildRules = (
			);
			dependencies = (
			);
			name = FirstHomeworkOtus;
			packageProductDependencies = (
				2AC4605D29C38BB500112DFA /* Networking */,
				2AC4606329C8754400112DFA /* UIDesignSystem */,
			);
			productName = FirstHomeworkOtus;
			productReference = 2AE5933D29B4D135009909AB /* FirstHomeworkOtus.app */;
			productType = "com.apple.product-type.application";
		};
/* End PBXNativeTarget section */

/* Begin PBXProject section */
		2AE5933529B4D135009909AB /* Project object */ = {
			isa = PBXProject;
			attributes = {
				BuildIndependentTargetsInParallel = 1;
				LastSwiftUpdateCheck = 1410;
				LastUpgradeCheck = 1410;
				TargetAttributes = {
					2AE5933C29B4D135009909AB = {
						CreatedOnToolsVersion = 14.1;
					};
				};
			};
			buildConfigurationList = 2AE5933829B4D135009909AB /* Build configuration list for PBXProject "FirstHomeworkOtus" */;
			compatibilityVersion = "Xcode 14.0";
			developmentRegion = en;
			hasScannedForEncodings = 0;
			knownRegions = (
				en,
				Base,
			);
			mainGroup = 2AE5933429B4D135009909AB;
			productRefGroup = 2AE5933E29B4D135009909AB /* Products */;
			projectDirPath = "";
			projectRoot = "";
			targets = (
				2AE5933C29B4D135009909AB /* FirstHomeworkOtus */,
			);
		};
/* End PBXProject section */

/* Begin PBXResourcesBuildPhase section */
		2AE5933B29B4D135009909AB /* Resources */ = {
			isa = PBXResourcesBuildPhase;
			buildActionMask = 2147483647;
			files = (
				2AE5934829B4D137009909AB /* Preview Assets.xcassets in Resources */,
				2AE5934529B4D137009909AB /* Assets.xcassets in Resources */,
				2A227A1229C34BB40073D36B /* newsapi.yml in Resources */,
				2A227A1029C349E60073D36B /* generate.sh in Resources */,
			);
			runOnlyForDeploymentPostprocessing = 0;
		};
/* End PBXResourcesBuildPhase section */

/* Begin PBXSourcesBuildPhase section */
		2AE5933929B4D135009909AB /* Sources */ = {
			isa = PBXSourcesBuildPhase;
			buildActionMask = 2147483647;
			files = (
				2A6B356B29D5BC6F00889F3E /* ServiceLocator.swift in Sources */,
				2A6B357829D805D200889F3E /* Parsing.swift in Sources */,
				2AC4606729C875F100112DFA /* DashboardScreen.swift in Sources */,
				2A227A1529C35C280073D36B /* NewsModel.swift in Sources */,
				2A6B356F29D5D0AF00889F3E /* InjectedPropertyWrapper.swift in Sources */,
				2AE5934F29B4ECAD009909AB /* SecondScreen.swift in Sources */,
				2A6B357629D805A400889F3E /* DataStorage.swift in Sources */,
				2A6B357129D7F88600889F3E /* ConfigApp.swift in Sources */,
				2A87AFDB29B618B2005CE433 /* ProfileScreen.swift in Sources */,
				2AE5934329B4D135009909AB /* ContentView.swift in Sources */,
				2A6B357429D8058D00889F3E /* NetworkClient.swift in Sources */,
				2AE5934129B4D135009909AB /* FirstHomeworkOtusApp.swift in Sources */,
				2AE5935A29B61199009909AB /* MusicScreen.swift in Sources */,
				2A6B356D29D5C10A00889F3E /* Analytics.swift in Sources */,
				2AE5935729B5BCBD009909AB /* FirstScreen.swift in Sources */,
			);
			runOnlyForDeploymentPostprocessing = 0;
		};
/* End PBXSourcesBuildPhase section */

/* Begin XCBuildConfiguration section */
		2AE5934929B4D137009909AB /* Debug */ = {
			isa = XCBuildConfiguration;
			buildSettings = {
				ALWAYS_SEARCH_USER_PATHS = NO;
				CLANG_ANALYZER_NONNULL = YES;
				CLANG_ANALYZER_NUMBER_OBJECT_CONVERSION = YES_AGGRESSIVE;
				CLANG_CXX_LANGUAGE_STANDARD = "gnu++20";
				CLANG_ENABLE_MODULES = YES;
				CLANG_ENABLE_OBJC_ARC = YES;
				CLANG_ENABLE_OBJC_WEAK = YES;
				CLANG_WARN_BLOCK_CAPTURE_AUTORELEASING = YES;
				CLANG_WARN_BOOL_CONVERSION = YES;
				CLANG_WARN_COMMA = YES;
				CLANG_WARN_CONSTANT_CONVERSION = YES;
				CLANG_WARN_DEPRECATED_OBJC_IMPLEMENTATIONS = YES;
				CLANG_WARN_DIRECT_OBJC_ISA_USAGE = YES_ERROR;
				CLANG_WARN_DOCUMENTATION_COMMENTS = YES;
				CLANG_WARN_EMPTY_BODY = YES;
				CLANG_WARN_ENUM_CONVERSION = YES;
				CLANG_WARN_INFINITE_RECURSION = YES;
				CLANG_WARN_INT_CONVERSION = YES;
				CLANG_WARN_NON_LITERAL_NULL_CONVERSION = YES;
				CLANG_WARN_OBJC_IMPLICIT_RETAIN_SELF = YES;
				CLANG_WARN_OBJC_LITERAL_CONVERSION = YES;
				CLANG_WARN_OBJC_ROOT_CLASS = YES_ERROR;
				CLANG_WARN_QUOTED_INCLUDE_IN_FRAMEWORK_HEADER = YES;
				CLANG_WARN_RANGE_LOOP_ANALYSIS = YES;
				CLANG_WARN_STRICT_PROTOTYPES = YES;
				CLANG_WARN_SUSPICIOUS_MOVE = YES;
				CLANG_WARN_UNGUARDED_AVAILABILITY = YES_AGGRESSIVE;
				CLANG_WARN_UNREACHABLE_CODE = YES;
				CLANG_WARN__DUPLICATE_METHOD_MATCH = YES;
				COPY_PHASE_STRIP = NO;
				DEBUG_INFORMATION_FORMAT = dwarf;
				ENABLE_STRICT_OBJC_MSGSEND = YES;
				ENABLE_TESTABILITY = YES;
				GCC_C_LANGUAGE_STANDARD = gnu11;
				GCC_DYNAMIC_NO_PIC = NO;
				GCC_NO_COMMON_BLOCKS = YES;
				GCC_OPTIMIZATION_LEVEL = 0;
				GCC_PREPROCESSOR_DEFINITIONS = (
					"DEBUG=1",
					"$(inherited)",
				);
				GCC_WARN_64_TO_32_BIT_CONVERSION = YES;
				GCC_WARN_ABOUT_RETURN_TYPE = YES_ERROR;
				GCC_WARN_UNDECLARED_SELECTOR = YES;
				GCC_WARN_UNINITIALIZED_AUTOS = YES_AGGRESSIVE;
				GCC_WARN_UNUSED_FUNCTION = YES;
				GCC_WARN_UNUSED_VARIABLE = YES;
				IPHONEOS_DEPLOYMENT_TARGET = 16.1;
				MTL_ENABLE_DEBUG_INFO = INCLUDE_SOURCE;
				MTL_FAST_MATH = YES;
				ONLY_ACTIVE_ARCH = YES;
				SDKROOT = iphoneos;
				SWIFT_ACTIVE_COMPILATION_CONDITIONS = DEBUG;
				SWIFT_OPTIMIZATION_LEVEL = "-Onone";
			};
			name = Debug;
		};
		2AE5934A29B4D137009909AB /* Release */ = {
			isa = XCBuildConfiguration;
			buildSettings = {
				ALWAYS_SEARCH_USER_PATHS = NO;
				CLANG_ANALYZER_NONNULL = YES;
				CLANG_ANALYZER_NUMBER_OBJECT_CONVERSION = YES_AGGRESSIVE;
				CLANG_CXX_LANGUAGE_STANDARD = "gnu++20";
				CLANG_ENABLE_MODULES = YES;
				CLANG_ENABLE_OBJC_ARC = YES;
				CLANG_ENABLE_OBJC_WEAK = YES;
				CLANG_WARN_BLOCK_CAPTURE_AUTORELEASING = YES;
				CLANG_WARN_BOOL_CONVERSION = YES;
				CLANG_WARN_COMMA = YES;
				CLANG_WARN_CONSTANT_CONVERSION = YES;
				CLANG_WARN_DEPRECATED_OBJC_IMPLEMENTATIONS = YES;
				CLANG_WARN_DIRECT_OBJC_ISA_USAGE = YES_ERROR;
				CLANG_WARN_DOCUMENTATION_COMMENTS = YES;
				CLANG_WARN_EMPTY_BODY = YES;
				CLANG_WARN_ENUM_CONVERSION = YES;
				CLANG_WARN_INFINITE_RECURSION = YES;
				CLANG_WARN_INT_CONVERSION = YES;
				CLANG_WARN_NON_LITERAL_NULL_CONVERSION = YES;
				CLANG_WARN_OBJC_IMPLICIT_RETAIN_SELF = YES;
				CLANG_WARN_OBJC_LITERAL_CONVERSION = YES;
				CLANG_WARN_OBJC_ROOT_CLASS = YES_ERROR;
				CLANG_WARN_QUOTED_INCLUDE_IN_FRAMEWORK_HEADER = YES;
				CLANG_WARN_RANGE_LOOP_ANALYSIS = YES;
				CLANG_WARN_STRICT_PROTOTYPES = YES;
				CLANG_WARN_SUSPICIOUS_MOVE = YES;
				CLANG_WARN_UNGUARDED_AVAILABILITY = YES_AGGRESSIVE;
				CLANG_WARN_UNREACHABLE_CODE = YES;
				CLANG_WARN__DUPLICATE_METHOD_MATCH = YES;
				COPY_PHASE_STRIP = NO;
				DEBUG_INFORMATION_FORMAT = "dwarf-with-dsym";
				ENABLE_NS_ASSERTIONS = NO;
				ENABLE_STRICT_OBJC_MSGSEND = YES;
				GCC_C_LANGUAGE_STANDARD = gnu11;
				GCC_NO_COMMON_BLOCKS = YES;
				GCC_WARN_64_TO_32_BIT_CONVERSION = YES;
				GCC_WARN_ABOUT_RETURN_TYPE = YES_ERROR;
				GCC_WARN_UNDECLARED_SELECTOR = YES;
				GCC_WARN_UNINITIALIZED_AUTOS = YES_AGGRESSIVE;
				GCC_WARN_UNUSED_FUNCTION = YES;
				GCC_WARN_UNUSED_VARIABLE = YES;
				IPHONEOS_DEPLOYMENT_TARGET = 16.1;
				MTL_ENABLE_DEBUG_INFO = NO;
				MTL_FAST_MATH = YES;
				SDKROOT = iphoneos;
				SWIFT_COMPILATION_MODE = wholemodule;
				SWIFT_OPTIMIZATION_LEVEL = "-O";
				VALIDATE_PRODUCT = YES;
			};
			name = Release;
		};
		2AE5934C29B4D137009909AB /* Debug */ = {
			isa = XCBuildConfiguration;
			buildSettings = {
				ASSETCATALOG_COMPILER_APPICON_NAME = AppIcon;
				ASSETCATALOG_COMPILER_GLOBAL_ACCENT_COLOR_NAME = AccentColor;
				CODE_SIGN_STYLE = Automatic;
				CURRENT_PROJECT_VERSION = 1;
				DEVELOPMENT_ASSET_PATHS = "\"FirstHomeworkOtus/Preview Content\"";
				DEVELOPMENT_TEAM = K2BN98F49Y;
				ENABLE_PREVIEWS = YES;
				GENERATE_INFOPLIST_FILE = YES;
				INFOPLIST_KEY_UIApplicationSceneManifest_Generation = YES;
				INFOPLIST_KEY_UIApplicationSupportsIndirectInputEvents = YES;
				INFOPLIST_KEY_UILaunchScreen_Generation = YES;
				INFOPLIST_KEY_UISupportedInterfaceOrientations_iPad = "UIInterfaceOrientationPortrait UIInterfaceOrientationPortraitUpsideDown UIInterfaceOrientationLandscapeLeft UIInterfaceOrientationLandscapeRight";
				INFOPLIST_KEY_UISupportedInterfaceOrientations_iPhone = "UIInterfaceOrientationPortrait UIInterfaceOrientationLandscapeLeft UIInterfaceOrientationLandscapeRight";
				LD_RUNPATH_SEARCH_PATHS = (
					"$(inherited)",
					"@executable_path/Frameworks",
				);
				MARKETING_VERSION = 1.0;
				PRODUCT_BUNDLE_IDENTIFIER = com.tatyanasidoryuk.FirstHomeworkOtus;
				PRODUCT_NAME = "$(TARGET_NAME)";
				SWIFT_EMIT_LOC_STRINGS = YES;
				SWIFT_VERSION = 5.0;
				TARGETED_DEVICE_FAMILY = "1,2";
			};
			name = Debug;
		};
		2AE5934D29B4D137009909AB /* Release */ = {
			isa = XCBuildConfiguration;
			buildSettings = {
				ASSETCATALOG_COMPILER_APPICON_NAME = AppIcon;
				ASSETCATALOG_COMPILER_GLOBAL_ACCENT_COLOR_NAME = AccentColor;
				CODE_SIGN_STYLE = Automatic;
				CURRENT_PROJECT_VERSION = 1;
				DEVELOPMENT_ASSET_PATHS = "\"FirstHomeworkOtus/Preview Content\"";
				DEVELOPMENT_TEAM = K2BN98F49Y;
				ENABLE_PREVIEWS = YES;
				GENERATE_INFOPLIST_FILE = YES;
				INFOPLIST_KEY_UIApplicationSceneManifest_Generation = YES;
				INFOPLIST_KEY_UIApplicationSupportsIndirectInputEvents = YES;
				INFOPLIST_KEY_UILaunchScreen_Generation = YES;
				INFOPLIST_KEY_UISupportedInterfaceOrientations_iPad = "UIInterfaceOrientationPortrait UIInterfaceOrientationPortraitUpsideDown UIInterfaceOrientationLandscapeLeft UIInterfaceOrientationLandscapeRight";
				INFOPLIST_KEY_UISupportedInterfaceOrientations_iPhone = "UIInterfaceOrientationPortrait UIInterfaceOrientationLandscapeLeft UIInterfaceOrientationLandscapeRight";
				LD_RUNPATH_SEARCH_PATHS = (
					"$(inherited)",
					"@executable_path/Frameworks",
				);
				MARKETING_VERSION = 1.0;
				PRODUCT_BUNDLE_IDENTIFIER = com.tatyanasidoryuk.FirstHomeworkOtus;
				PRODUCT_NAME = "$(TARGET_NAME)";
				SWIFT_EMIT_LOC_STRINGS = YES;
				SWIFT_VERSION = 5.0;
				TARGETED_DEVICE_FAMILY = "1,2";
			};
			name = Release;
		};
/* End XCBuildConfiguration section */

/* Begin XCConfigurationList section */
		2AE5933829B4D135009909AB /* Build configuration list for PBXProject "FirstHomeworkOtus" */ = {
			isa = XCConfigurationList;
			buildConfigurations = (
				2AE5934929B4D137009909AB /* Debug */,
				2AE5934A29B4D137009909AB /* Release */,
			);
			defaultConfigurationIsVisible = 0;
			defaultConfigurationName = Release;
		};
		2AE5934B29B4D137009909AB /* Build configuration list for PBXNativeTarget "FirstHomeworkOtus" */ = {
			isa = XCConfigurationList;
			buildConfigurations = (
				2AE5934C29B4D137009909AB /* Debug */,
				2AE5934D29B4D137009909AB /* Release */,
			);
			defaultConfigurationIsVisible = 0;
			defaultConfigurationName = Release;
		};
/* End XCConfigurationList section */

/* Begin XCSwiftPackageProductDependency section */
		2AC4605D29C38BB500112DFA /* Networking */ = {
			isa = XCSwiftPackageProductDependency;
			productName = Networking;
		};
		2AC4606329C8754400112DFA /* UIDesignSystem */ = {
			isa = XCSwiftPackageProductDependency;
			productName = UIDesignSystem;
		};
/* End XCSwiftPackageProductDependency section */
	};
	rootObject = 2AE5933529B4D135009909AB /* Project object */;
}
